
Microsoft Visual Studio Solution File, Format Version 11.00
# Visual Studio 2010
Project("{FAE04EC0-301F-11D3-BF4B-00C04F79EFBC}") = "River Road - копия", "Assembly-CSharp-firstpass.csproj", "{1E56DAB9-E15D-66B5-3D7E-80402A832B31}"
EndProject
Project("{FAE04EC0-301F-11D3-BF4B-00C04F79EFBC}") = "River Road - копия", "Assembly-CSharp.csproj", "{1C521F2B-5121-D0F9-606F-5DFAEC5E69DE}"
EndProject
Project("{FAE04EC0-301F-11D3-BF4B-00C04F79EFBC}") = "River Road - копия", "Assembly-CSharp-Editor-firstpass.csproj", "{38D5DBC3-B619-F32E-3B20-351A11F7A6F6}"
EndProject
Project("{FAE04EC0-301F-11D3-BF4B-00C04F79EFBC}") = "River Road - копия", "Assembly-CSharp-Editor.csproj", "{D10B6167-2EC6-1854-68D1-4227EEF213DF}"
EndProject
Global
	GlobalSection(SolutionConfigurationPlatforms) = preSolution
		Debug|Any CPU = Debug|Any CPU
		Release|Any CPU = Release|Any CPU
	EndGlobalSection
	GlobalSection(ProjectConfigurationPlatforms) = postSolution
		{1E56DAB9-E15D-66B5-3D7E-80402A832B31}.Debug|Any CPU.ActiveCfg = Debug|Any CPU
		{1E56DAB9-E15D-66B5-3D7E-80402A832B31}.Debug|Any CPU.Build.0 = Debug|Any CPU
		{1E56DAB9-E15D-66B5-3D7E-80402A832B31}.Release|Any CPU.ActiveCfg = Release|Any CPU
		{1E56DAB9-E15D-66B5-3D7E-80402A832B31}.Release|Any CPU.Build.0 = Release|Any CPU
		{1C521F2B-5121-D0F9-606F-5DFAEC5E69DE}.Debug|Any CPU.ActiveCfg = Debug|Any CPU
		{1C521F2B-5121-D0F9-606F-5DFAEC5E69DE}.Debug|Any CPU.Build.0 = Debug|Any CPU
		{1C521F2B-5121-D0F9-606F-5DFAEC5E69DE}.Release|Any CPU.ActiveCfg = Release|Any CPU
		{1C521F2B-5121-D0F9-606F-5DFAEC5E69DE}.Release|Any CPU.Build.0 = Release|Any CPU
		{38D5DBC3-B619-F32E-3B20-351A11F7A6F6}.Debug|Any CPU.ActiveCfg = Debug|Any CPU
		{38D5DBC3-B619-F32E-3B20-351A11F7A6F6}.Debug|Any CPU.Build.0 = Debug|Any CPU
		{38D5DBC3-B619-F32E-3B20-351A11F7A6F6}.Release|Any CPU.ActiveCfg = Release|Any CPU
		{38D5DBC3-B619-F32E-3B20-351A11F7A6F6}.Release|Any CPU.Build.0 = Release|Any CPU
		{D10B6167-2EC6-1854-68D1-4227EEF213DF}.Debug|Any CPU.ActiveCfg = Debug|Any CPU
		{D10B6167-2EC6-1854-68D1-4227EEF213DF}.Debug|Any CPU.Build.0 = Debug|Any CPU
		{D10B6167-2EC6-1854-68D1-4227EEF213DF}.Release|Any CPU.ActiveCfg = Release|Any CPU
		{D10B6167-2EC6-1854-68D1-4227EEF213DF}.Release|Any CPU.Build.0 = Release|Any CPU
	EndGlobalSection
	GlobalSection(SolutionProperties) = preSolution
		HideSolutionNode = FALSE
	EndGlobalSection
	GlobalSection(MonoDevelopProperties) = preSolution
		StartupItem = Assembly-CSharp.csproj
	EndGlobalSection
EndGlobal
